{
  "version": 4,
  "terraform_version": "1.12.2",
  "serial": 63,
  "lineage": "79fb7065-b81a-ab19-b65c-e3d927441c6a",
  "outputs": {
    "cluster_id": {
      "value": "fr-par/f8c25a77-e19d-4279-8912-9d8072ddbb57",
      "type": "string"
    },
    "cluster_name": {
      "value": "esgi-devops-projet-grp7-kenza-cluster",
      "type": "string"
    },
    "cluster_status": {
      "value": "ready",
      "type": "string"
    },
    "kubeconfig": {
      "value": {
        "cluster_ca_certificate": "LS0tLS1CRUdJTiBDRVJUSUZJQ0FURS0tLS0tCk1JSUM1ekNDQWMrZ0F3SUJBZ0lCQURBTkJna3Foa2lHOXcwQkFRc0ZBREFWTVJNd0VRWURWUVFERXdwcmRXSmwKY201bGRHVnpNQjRYRFRJMU1EY3hOekV6TXpZd09Gb1hEVE0xTURjeE56RXpNell3T0Zvd0ZURVRNQkVHQTFVRQpBeE1LYTNWaVpYSnVaWFJsY3pDQ0FTSXdEUVlKS29aSWh2Y05BUUVCQlFBRGdnRVBBRENDQVFvQ2dnRUJBTDlYCkYrWWhEL3llM0VyYW9UNEZlakRCdTY5TXcwbDM4ODQ5RjdVRGR5YWJTeW5hTS9VZVcxR3R6Qk1Pb05DSjJlZGsKTFFsUzNKSTZpOGtXZXpDdGZ4OU1qdlQyL29OZHhqRUpMNDZPR2YxMXFnSUhDZ0lXK0IweVpvTTBjY0RqVXVsVAorWGRzcEF2UVF4SVByYW5mcllVMXRqTzY3aVNIaFRUMnFDeWttYTllUWhhR0RvZlRHVUhUUE1lTUd2dTB0bkt5CkM0ejJuZ3pZd1BQd2czMkZBR2RiOUdmaHA3UHZLanVzM08weDhuNmE5Rk9XVTBDSmRSR2U3bWZXTjlaZER0UlgKbmpOM0JrcTZzcVRqZmRGWkQycUNYQ1BnaEVuM3RhOGdOTWJ4T1FCaEJ1WXg0WWJnblZLZVB3djk4YmNkQXVLNQpQMXVQTi9uK2p0K05PMFJTbXZrQ0F3RUFBYU5DTUVBd0RnWURWUjBQQVFIL0JBUURBZ0trTUE4R0ExVWRFd0VCCi93UUZNQU1CQWY4d0hRWURWUjBPQkJZRUZNTFJ2N0NLMTM3Uk44RDliYW5XYm1xM3c4dmFNQTBHQ1NxR1NJYjMKRFFFQkN3VUFBNElCQVFCSEFqUmZ3a2l6MCtiT3NCckI4YXdWMjcyMi9IR3Y4RzBpbDFaazQ3MFQ3bzlEUm1IVwo1VkNVcXRRUzlKMnpLNEpIaDViZmZiM3pGMU9OSTB1b29tc0JVNmdMVEhaLy96NC9MazRqVXQ3RXlDSVB5QVFmCnY0TVZwVEVXVXBsTFVYNXhWZTQ2ZXhJZlhKbVdpMFNKRmhVWDEzSXV2VVNUWXRWZVBVdDFPNXlMNVJ4Sjd0VHQKNW10czhrZTczV3VaY1NsQXFnT3RMUUU4dDVNR09kOC9qbjJsUllmcFQremRaY1I2dUp6ckxKOWhVZXZHQXVNRApPQ2lwbjQ0RWo1N25KTStzeDJiT0cyQXNNd3dvb0YwWm9yWjNUVUk5VkVVQWYxQitybG1kOHk0THdrM3RGaUR0ClZrczQxZ1AzRGl3blgzczNwVjBOUG5SNjJOSmJBcExKL3c3MAotLS0tLUVORCBDRVJUSUZJQ0FURS0tLS0tCg==",
        "config_file": "apiVersion: v1\nclusters:\n- name: \"esgi-devops-projet-grp7-kenza-cluster\"\n  cluster:\n    certificate-authority-data: LS0tLS1CRUdJTiBDRVJUSUZJQ0FURS0tLS0tCk1JSUM1ekNDQWMrZ0F3SUJBZ0lCQURBTkJna3Foa2lHOXcwQkFRc0ZBREFWTVJNd0VRWURWUVFERXdwcmRXSmwKY201bGRHVnpNQjRYRFRJMU1EY3hOekV6TXpZd09Gb1hEVE0xTURjeE56RXpNell3T0Zvd0ZURVRNQkVHQTFVRQpBeE1LYTNWaVpYSnVaWFJsY3pDQ0FTSXdEUVlKS29aSWh2Y05BUUVCQlFBRGdnRVBBRENDQVFvQ2dnRUJBTDlYCkYrWWhEL3llM0VyYW9UNEZlakRCdTY5TXcwbDM4ODQ5RjdVRGR5YWJTeW5hTS9VZVcxR3R6Qk1Pb05DSjJlZGsKTFFsUzNKSTZpOGtXZXpDdGZ4OU1qdlQyL29OZHhqRUpMNDZPR2YxMXFnSUhDZ0lXK0IweVpvTTBjY0RqVXVsVAorWGRzcEF2UVF4SVByYW5mcllVMXRqTzY3aVNIaFRUMnFDeWttYTllUWhhR0RvZlRHVUhUUE1lTUd2dTB0bkt5CkM0ejJuZ3pZd1BQd2czMkZBR2RiOUdmaHA3UHZLanVzM08weDhuNmE5Rk9XVTBDSmRSR2U3bWZXTjlaZER0UlgKbmpOM0JrcTZzcVRqZmRGWkQycUNYQ1BnaEVuM3RhOGdOTWJ4T1FCaEJ1WXg0WWJnblZLZVB3djk4YmNkQXVLNQpQMXVQTi9uK2p0K05PMFJTbXZrQ0F3RUFBYU5DTUVBd0RnWURWUjBQQVFIL0JBUURBZ0trTUE4R0ExVWRFd0VCCi93UUZNQU1CQWY4d0hRWURWUjBPQkJZRUZNTFJ2N0NLMTM3Uk44RDliYW5XYm1xM3c4dmFNQTBHQ1NxR1NJYjMKRFFFQkN3VUFBNElCQVFCSEFqUmZ3a2l6MCtiT3NCckI4YXdWMjcyMi9IR3Y4RzBpbDFaazQ3MFQ3bzlEUm1IVwo1VkNVcXRRUzlKMnpLNEpIaDViZmZiM3pGMU9OSTB1b29tc0JVNmdMVEhaLy96NC9MazRqVXQ3RXlDSVB5QVFmCnY0TVZwVEVXVXBsTFVYNXhWZTQ2ZXhJZlhKbVdpMFNKRmhVWDEzSXV2VVNUWXRWZVBVdDFPNXlMNVJ4Sjd0VHQKNW10czhrZTczV3VaY1NsQXFnT3RMUUU4dDVNR09kOC9qbjJsUllmcFQremRaY1I2dUp6ckxKOWhVZXZHQXVNRApPQ2lwbjQ0RWo1N25KTStzeDJiT0cyQXNNd3dvb0YwWm9yWjNUVUk5VkVVQWYxQitybG1kOHk0THdrM3RGaUR0ClZrczQxZ1AzRGl3blgzczNwVjBOUG5SNjJOSmJBcExKL3c3MAotLS0tLUVORCBDRVJUSUZJQ0FURS0tLS0tCg==\n    server: https://f8c25a77-e19d-4279-8912-9d8072ddbb57.api.k8s.fr-par.scw.cloud:6443\ncontexts:\n- name: admin@esgi-devops-projet-grp7-kenza-cluster\n  context:\n    cluster: \"esgi-devops-projet-grp7-kenza-cluster\"\n    user: esgi-devops-projet-grp7-kenza-cluster-admin\ncurrent-context: admin@esgi-devops-projet-grp7-kenza-cluster\nkind: Config\npreferences: {}\nusers:\n- name: esgi-devops-projet-grp7-kenza-cluster-admin\n  user:\n    token: adnt9jIgy4ZeVV9a2wLrgboe0xg8DMXnNtQVQ3Fw0iKTsPlYQqNZug2N",
        "host": "https://f8c25a77-e19d-4279-8912-9d8072ddbb57.api.k8s.fr-par.scw.cloud:6443",
        "token": "adnt9jIgy4ZeVV9a2wLrgboe0xg8DMXnNtQVQ3Fw0iKTsPlYQqNZug2N"
      },
      "type": [
        "object",
        {
          "cluster_ca_certificate": "string",
          "config_file": "string",
          "host": "string",
          "token": "string"
        }
      ],
      "sensitive": true
    },
    "load_balancer_ip": {
      "value": "51.15.207.123",
      "type": "string"
    },
    "project_summary": {
      "value": {
        "cluster_name": "esgi-devops-projet-grp7-kenza-cluster",
        "domain": "grp-7.esgi.slashops.fr",
        "project_name": "esgi-devops-projet-grp7",
        "student": "kenza"
      },
      "type": [
        "object",
        {
          "cluster_name": "string",
          "domain": "string",
          "project_name": "string",
          "student": "string"
        }
      ]
    },
    "student_name": {
      "value": "kenza",
      "type": "string"
    },
    "wordpress_admin": {
      "value": {
        "email": "admin-kenza@example.com",
        "password": "ChangeMe123-kenza!",
        "username": "admin"
      },
      "type": [
        "object",
        {
          "email": "string",
          "password": "string",
          "username": "string"
        }
      ],
      "sensitive": true
    },
    "wordpress_url": {
      "value": "http://grp-7.esgi.slashops.fr",
      "type": "string"
    }
  },
  "resources": [
    {
      "mode": "data",
      "type": "kubernetes_service",
      "name": "ingress_nginx",
      "provider": "provider[\"registry.terraform.io/hashicorp/kubernetes\"]",
      "instances": [
        {
          "schema_version": 0,
          "attributes": {
            "id": "ingress-nginx-kenza/ingress-nginx-kenza-controller",
            "metadata": [
              {
                "annotations": {
                  "meta.helm.sh/release-name": "ingress-nginx-kenza",
                  "meta.helm.sh/release-namespace": "ingress-nginx-kenza",
                  "service.beta.kubernetes.io/scw-loadbalancer-id": "fr-par-1/c507895a-799d-4988-9701-f46d0dc7f4ee",
                  "service.beta.kubernetes.io/scw-loadbalancer-name": "esgi-devops-projet-grp7-kenza-lb",
                  "service.beta.kubernetes.io/scw-loadbalancer-type": "LB-S"
                },
                "generation": 0,
                "labels": {
                  "app.kubernetes.io/component": "controller",
                  "app.kubernetes.io/instance": "ingress-nginx-kenza",
                  "app.kubernetes.io/managed-by": "Helm",
                  "app.kubernetes.io/name": "ingress-nginx",
                  "app.kubernetes.io/part-of": "ingress-nginx",
                  "app.kubernetes.io/version": "1.9.0",
                  "helm.sh/chart": "ingress-nginx-4.8.0",
                  "k8s.scaleway.com/cluster": "f8c25a77-e19d-4279-8912-9d8072ddbb57",
                  "k8s.scaleway.com/kapsule": "",
                  "k8s.scaleway.com/managed-by-scaleway-cloud-controller-manager": ""
                },
                "name": "ingress-nginx-kenza-controller",
                "namespace": "ingress-nginx-kenza",
                "resource_version": "22201971108",
                "uid": "fc87be39-a9e2-40cd-8bc8-3b3938abe9c3"
              }
            ],
            "spec": [
              {
                "allocate_load_balancer_node_ports": true,
                "cluster_ip": "10.32.2.8",
                "cluster_ips": [
                  "10.32.2.8"
                ],
                "external_ips": [],
                "external_name": "",
                "external_traffic_policy": "Cluster",
                "health_check_node_port": 0,
                "internal_traffic_policy": "Cluster",
                "ip_families": [
                  "IPv4"
                ],
                "ip_family_policy": "SingleStack",
                "load_balancer_class": "",
                "load_balancer_ip": "",
                "load_balancer_source_ranges": [],
                "port": [
                  {
                    "app_protocol": "http",
                    "name": "http",
                    "node_port": 30335,
                    "port": 80,
                    "protocol": "TCP",
                    "target_port": "http"
                  },
                  {
                    "app_protocol": "https",
                    "name": "https",
                    "node_port": 31044,
                    "port": 443,
                    "protocol": "TCP",
                    "target_port": "https"
                  }
                ],
                "publish_not_ready_addresses": false,
                "selector": {
                  "app.kubernetes.io/component": "controller",
                  "app.kubernetes.io/instance": "ingress-nginx-kenza",
                  "app.kubernetes.io/name": "ingress-nginx"
                },
                "session_affinity": "None",
                "session_affinity_config": [],
                "type": "LoadBalancer"
              }
            ],
            "status": [
              {
                "load_balancer": [
                  {
                    "ingress": [
                      {
                        "hostname": "",
                        "ip": "51.15.207.123"
                      }
                    ]
                  }
                ]
              }
            ]
          },
          "sensitive_attributes": [],
          "identity_schema_version": 0
        }
      ]
    },
    {
      "mode": "data",
      "type": "scaleway_domain_zone",
      "name": "main",
      "provider": "provider[\"registry.terraform.io/scaleway/scaleway\"]",
      "instances": [
        {
          "schema_version": 0,
          "attributes": {
            "domain": "slashops.fr",
            "id": "grp-7.esgi.slashops.fr",
            "message": "",
            "ns": [
              "ns0.dom.scw.cloud",
              "ns1.dom.scw.cloud"
            ],
            "ns_default": [
              "ns0.dom.scw.cloud",
              "ns1.dom.scw.cloud"
            ],
            "ns_master": [],
            "project_id": "2dbaeabe-732c-483b-80fa-3fa3e771aee8",
            "status": "active",
            "subdomain": "grp-7.esgi",
            "updated_at": "2025-07-18 13:04:16 +0000 UTC"
          },
          "sensitive_attributes": [],
          "identity_schema_version": 0
        }
      ]
    },
    {
      "mode": "managed",
      "type": "helm_release",
      "name": "ingress_nginx",
      "provider": "provider[\"registry.terraform.io/hashicorp/helm\"]",
      "instances": [
        {
          "schema_version": 1,
          "attributes": {
            "atomic": false,
            "chart": "ingress-nginx",
            "cleanup_on_fail": false,
            "create_namespace": false,
            "dependency_update": false,
            "description": null,
            "devel": null,
            "disable_crd_hooks": false,
            "disable_openapi_validation": false,
            "disable_webhooks": false,
            "force_update": false,
            "id": "ingress-nginx-kenza",
            "keyring": null,
            "lint": false,
            "manifest": null,
            "max_history": 0,
            "metadata": [
              {
                "app_version": "1.9.0",
                "chart": "ingress-nginx",
                "first_deployed": 1752846497,
                "last_deployed": 1752846497,
                "name": "ingress-nginx-kenza",
                "namespace": "ingress-nginx-kenza",
                "notes": "The ingress-nginx controller has been installed.\nIt may take a few minutes for the LoadBalancer IP to be available.\nYou can watch the status by running 'kubectl --namespace ingress-nginx-kenza get services -o wide -w ingress-nginx-kenza-controller'\n\nAn example Ingress that makes use of the controller:\n  apiVersion: networking.k8s.io/v1\n  kind: Ingress\n  metadata:\n    name: example\n    namespace: foo\n  spec:\n    ingressClassName: nginx\n    rules:\n      - host: www.example.com\n        http:\n          paths:\n            - pathType: Prefix\n              backend:\n                service:\n                  name: exampleService\n                  port:\n                    number: 80\n              path: /\n    # This section is only required if TLS is to be enabled for the Ingress\n    tls:\n      - hosts:\n        - www.example.com\n        secretName: example-tls\n\nIf TLS is enabled for the Ingress, a Secret containing the certificate and key must also be provided:\n\n  apiVersion: v1\n  kind: Secret\n  metadata:\n    name: example-tls\n    namespace: foo\n  data:\n    tls.crt: \u003cbase64 encoded cert\u003e\n    tls.key: \u003cbase64 encoded key\u003e\n  type: kubernetes.io/tls\n",
                "revision": 1,
                "values": "{\"controller\":{\"service\":{\"annotations\":{\"service.beta.kubernetes.io/scw-loadbalancer-name\":\"esgi-devops-projet-grp7-kenza-lb\",\"service.beta.kubernetes.io/scw-loadbalancer-type\":\"LB-S\"},\"type\":\"LoadBalancer\"}}}",
                "version": "4.8.0"
              }
            ],
            "name": "ingress-nginx-kenza",
            "namespace": "ingress-nginx-kenza",
            "pass_credentials": false,
            "postrender": [],
            "recreate_pods": false,
            "render_subchart_notes": true,
            "replace": false,
            "repository": "https://kubernetes.github.io/ingress-nginx",
            "repository_ca_file": null,
            "repository_cert_file": null,
            "repository_key_file": null,
            "repository_password": null,
            "repository_username": null,
            "reset_values": false,
            "reuse_values": false,
            "set": [
              {
                "name": "controller.service.annotations.service\\.beta\\.kubernetes\\.io/scw-loadbalancer-name",
                "type": "",
                "value": "esgi-devops-projet-grp7-kenza-lb"
              },
              {
                "name": "controller.service.annotations.service\\.beta\\.kubernetes\\.io/scw-loadbalancer-type",
                "type": "",
                "value": "LB-S"
              },
              {
                "name": "controller.service.type",
                "type": "",
                "value": "LoadBalancer"
              }
            ],
            "set_list": [],
            "set_sensitive": [],
            "skip_crds": false,
            "status": "deployed",
            "timeout": 600,
            "upgrade_install": null,
            "values": null,
            "verify": false,
            "version": "4.8.0",
            "wait": true,
            "wait_for_jobs": true
          },
          "sensitive_attributes": [
            [
              {
                "type": "get_attr",
                "value": "repository_password"
              }
            ]
          ],
          "identity_schema_version": 0,
          "private": "eyJzY2hlbWFfdmVyc2lvbiI6IjEifQ==",
          "dependencies": [
            "kubernetes_namespace.ingress_nginx",
            "null_resource.kubeconfig",
            "scaleway_k8s_cluster.main",
            "scaleway_k8s_pool.main",
            "scaleway_vpc.main",
            "scaleway_vpc_private_network.main"
          ]
        }
      ]
    },
    {
      "mode": "managed",
      "type": "helm_release",
      "name": "wordpress",
      "provider": "provider[\"registry.terraform.io/hashicorp/helm\"]",
      "instances": [
        {
          "schema_version": 1,
          "attributes": {
            "atomic": false,
            "chart": "wordpress",
            "cleanup_on_fail": false,
            "create_namespace": false,
            "dependency_update": false,
            "description": null,
            "devel": null,
            "disable_crd_hooks": false,
            "disable_openapi_validation": false,
            "disable_webhooks": false,
            "force_update": false,
            "id": "wordpress-kenza",
            "keyring": null,
            "lint": false,
            "manifest": null,
            "max_history": 0,
            "metadata": [
              {
                "app_version": "6.3.1",
                "chart": "wordpress",
                "first_deployed": 1752846578,
                "last_deployed": 1752849035,
                "name": "wordpress-kenza",
                "namespace": "wordpress-kenza",
                "notes": "CHART NAME: mariadb\nCHART VERSION: 14.0.1\nAPP VERSION: 11.1.2\n\n** Please be patient while the chart is being deployed **\n\nTip:\n\n  Watch the deployment status using the command: kubectl get pods -w --namespace wordpress-kenza -l app.kubernetes.io/instance=wordpress-kenza\n\nServices:\n\n  echo Primary: wordpress-kenza-mariadb.wordpress-kenza.svc.cluster.local:3306\n\nAdministrator credentials:\n\n  Username: root\n  Password : $(kubectl get secret --namespace wordpress-kenza wordpress-kenza-mariadb -o jsonpath=\"{.data.mariadb-root-password}\" | base64 -d)\n\nTo connect to your database:\n\n  1. Run a pod that you can use as a client:\n\n      kubectl run wordpress-kenza-mariadb-client --rm --tty -i --restart='Never' --image  docker.io/bitnami/mariadb:11.1.2-debian-11-r0 --namespace wordpress-kenza --command -- bash\n\n  2. To connect to primary service (read/write):\n\n      mysql -h wordpress-kenza-mariadb.wordpress-kenza.svc.cluster.local -uroot -p wordpress_kenza\n\nTo upgrade this helm chart:\n\n  1. Obtain the password as described on the 'Administrator credentials' section and set the 'auth.rootPassword' parameter as shown below:\n\n      ROOT_PASSWORD=$(kubectl get secret --namespace wordpress-kenza wordpress-kenza-mariadb -o jsonpath=\"{.data.mariadb-root-password}\" | base64 -d)\n      helm upgrade --namespace wordpress-kenza wordpress-kenza oci://registry-1.docker.io/bitnamicharts/mariadb --set auth.rootPassword=$ROOT_PASSWORD\n\nCHART NAME: wordpress\nCHART VERSION: 18.0.0\nAPP VERSION: 6.3.1\n\n** Please be patient while the chart is being deployed **\n\nYour WordPress site can be accessed through the following DNS name from within your cluster:\n\n    wordpress-kenza.wordpress-kenza.svc.cluster.local (port 80)\n\nTo access your WordPress site from outside the cluster follow the steps below:\n\n1. Get the WordPress URL and associate WordPress hostname to your cluster external IP:\n\n   export CLUSTER_IP=$(minikube ip) # On Minikube. Use: `kubectl cluster-info` on others K8s clusters\n   echo \"WordPress URL: http://grp-7.esgi.slashops.fr/\"\n   echo \"$CLUSTER_IP  grp-7.esgi.slashops.fr\" | sudo tee -a /etc/hosts\n\n2. Open a browser and access WordPress using the obtained URL.\n\n3. Login with the following credentials below to see your blog:\n\n  echo Username: admin\n  echo Password: $(kubectl get secret --namespace wordpress-kenza wordpress-kenza -o jsonpath=\"{.data.wordpress-password}\" | base64 -d)\n",
                "revision": 3,
                "values": "{\"ingress\":{\"annotations\":{\"kubernetes.io/ingress.class\":\"nginx\"},\"enabled\":true,\"hostname\":\"grp-7.esgi.slashops.fr\",\"ingressClassName\":\"nginx\"},\"mariadb\":{\"auth\":{\"database\":\"wordpress_kenza\",\"password\":\"WordPressPassword123-kenza!\",\"rootPassword\":\"RootPassword123-kenza!\",\"username\":\"wp_kenza\"},\"enabled\":true},\"persistence\":{\"enabled\":false},\"resources\":{\"requests\":{\"cpu\":\"300m\",\"memory\":\"512Mi\"}},\"service\":{\"type\":\"ClusterIP\"},\"wordpressEmail\":\"admin-kenza@example.com\",\"wordpressFirstName\":\"Super\",\"wordpressLastName\":\"kenza\",\"wordpressPassword\":\"ChangeMe123-kenza!\",\"wordpressUsername\":\"admin\"}",
                "version": "18.0.0"
              }
            ],
            "name": "wordpress-kenza",
            "namespace": "wordpress-kenza",
            "pass_credentials": false,
            "postrender": [],
            "recreate_pods": false,
            "render_subchart_notes": true,
            "replace": false,
            "repository": "https://charts.bitnami.com/bitnami",
            "repository_ca_file": null,
            "repository_cert_file": null,
            "repository_key_file": null,
            "repository_password": null,
            "repository_username": null,
            "reset_values": false,
            "reuse_values": false,
            "set": [
              {
                "name": "ingress.annotations.kubernetes\\.io/ingress\\.class",
                "type": "",
                "value": "nginx"
              },
              {
                "name": "ingress.enabled",
                "type": "",
                "value": "true"
              },
              {
                "name": "ingress.hostname",
                "type": "",
                "value": "grp-7.esgi.slashops.fr"
              },
              {
                "name": "ingress.ingressClassName",
                "type": "",
                "value": "nginx"
              },
              {
                "name": "mariadb.auth.database",
                "type": "",
                "value": "wordpress_kenza"
              },
              {
                "name": "mariadb.auth.password",
                "type": "",
                "value": "WordPressPassword123-kenza!"
              },
              {
                "name": "mariadb.auth.rootPassword",
                "type": "",
                "value": "RootPassword123-kenza!"
              },
              {
                "name": "mariadb.auth.username",
                "type": "",
                "value": "wp_kenza"
              },
              {
                "name": "mariadb.enabled",
                "type": "",
                "value": "true"
              },
              {
                "name": "persistence.enabled",
                "type": "",
                "value": "false"
              },
              {
                "name": "resources.requests.cpu",
                "type": "",
                "value": "300m"
              },
              {
                "name": "resources.requests.memory",
                "type": "",
                "value": "512Mi"
              },
              {
                "name": "service.type",
                "type": "",
                "value": "ClusterIP"
              },
              {
                "name": "wordpressEmail",
                "type": "",
                "value": "admin-kenza@example.com"
              },
              {
                "name": "wordpressFirstName",
                "type": "",
                "value": "Super"
              },
              {
                "name": "wordpressLastName",
                "type": "",
                "value": "kenza"
              },
              {
                "name": "wordpressPassword",
                "type": "",
                "value": "ChangeMe123-kenza!"
              },
              {
                "name": "wordpressUsername",
                "type": "",
                "value": "admin"
              }
            ],
            "set_list": [],
            "set_sensitive": [],
            "skip_crds": true,
            "status": "deployed",
            "timeout": 600,
            "upgrade_install": null,
            "values": null,
            "verify": false,
            "version": "18.0.0",
            "wait": true,
            "wait_for_jobs": true
          },
          "sensitive_attributes": [
            [
              {
                "type": "get_attr",
                "value": "repository_password"
              }
            ]
          ],
          "identity_schema_version": 0,
          "private": "eyJzY2hlbWFfdmVyc2lvbiI6IjEifQ==",
          "dependencies": [
            "helm_release.ingress_nginx",
            "kubernetes_namespace.ingress_nginx",
            "kubernetes_namespace.wordpress",
            "null_resource.kubeconfig",
            "scaleway_k8s_cluster.main",
            "scaleway_k8s_pool.main",
            "scaleway_vpc.main",
            "scaleway_vpc_private_network.main"
          ]
        }
      ]
    },
    {
      "mode": "managed",
      "type": "kubernetes_namespace",
      "name": "ingress_nginx",
      "provider": "provider[\"registry.terraform.io/hashicorp/kubernetes\"]",
      "instances": [
        {
          "schema_version": 0,
          "attributes": {
            "id": "ingress-nginx-kenza",
            "metadata": [
              {
                "annotations": {},
                "generate_name": "",
                "generation": 0,
                "labels": {
                  "app.kubernetes.io/instance": "ingress-nginx-kenza",
                  "app.kubernetes.io/name": "ingress-nginx",
                  "student": "kenza"
                },
                "name": "ingress-nginx-kenza",
                "resource_version": "22201908501",
                "uid": "900a7a68-8b98-45b3-a46c-6ab1dd4ff76b"
              }
            ],
            "timeouts": null,
            "wait_for_default_service_account": false
          },
          "sensitive_attributes": [],
          "identity_schema_version": 0,
          "private": "eyJlMmJmYjczMC1lY2FhLTExZTYtOGY4OC0zNDM2M2JjN2M0YzAiOnsiZGVsZXRlIjozMDAwMDAwMDAwMDB9fQ==",
          "dependencies": [
            "null_resource.kubeconfig",
            "scaleway_k8s_cluster.main",
            "scaleway_k8s_pool.main",
            "scaleway_vpc.main",
            "scaleway_vpc_private_network.main"
          ]
        }
      ]
    },
    {
      "mode": "managed",
      "type": "kubernetes_namespace",
      "name": "wordpress",
      "provider": "provider[\"registry.terraform.io/hashicorp/kubernetes\"]",
      "instances": [
        {
          "schema_version": 0,
          "attributes": {
            "id": "wordpress-kenza",
            "metadata": [
              {
                "annotations": {},
                "generate_name": "",
                "generation": 0,
                "labels": {
                  "app.kubernetes.io/instance": "wordpress-kenza",
                  "app.kubernetes.io/name": "wordpress",
                  "student": "kenza"
                },
                "name": "wordpress-kenza",
                "resource_version": "22201908502",
                "uid": "ed4362b0-9093-4c60-8ed7-129bcc95c03d"
              }
            ],
            "timeouts": null,
            "wait_for_default_service_account": false
          },
          "sensitive_attributes": [],
          "identity_schema_version": 0,
          "private": "eyJlMmJmYjczMC1lY2FhLTExZTYtOGY4OC0zNDM2M2JjN2M0YzAiOnsiZGVsZXRlIjozMDAwMDAwMDAwMDB9fQ==",
          "dependencies": [
            "null_resource.kubeconfig",
            "scaleway_k8s_cluster.main",
            "scaleway_k8s_pool.main",
            "scaleway_vpc.main",
            "scaleway_vpc_private_network.main"
          ]
        }
      ]
    },
    {
      "mode": "managed",
      "type": "null_resource",
      "name": "dns_info",
      "provider": "provider[\"registry.terraform.io/hashicorp/null\"]",
      "instances": [
        {
          "schema_version": 0,
          "attributes": {
            "id": "6110897745843821951",
            "triggers": {
              "domain": "grp-7.esgi.slashops.fr",
              "load_balancer_ip": "51.15.207.123",
              "student": "kenza"
            }
          },
          "sensitive_attributes": [],
          "identity_schema_version": 0,
          "dependencies": [
            "data.kubernetes_service.ingress_nginx",
            "helm_release.ingress_nginx",
            "kubernetes_namespace.ingress_nginx",
            "null_resource.kubeconfig",
            "scaleway_k8s_cluster.main",
            "scaleway_k8s_pool.main",
            "scaleway_vpc.main",
            "scaleway_vpc_private_network.main"
          ]
        }
      ]
    },
    {
      "mode": "managed",
      "type": "null_resource",
      "name": "kubeconfig",
      "provider": "provider[\"registry.terraform.io/hashicorp/null\"]",
      "instances": [
        {
          "schema_version": 0,
          "attributes": {
            "id": "2276588720388902735",
            "triggers": {
              "cluster_ca_certificate": "LS0tLS1CRUdJTiBDRVJUSUZJQ0FURS0tLS0tCk1JSUM1ekNDQWMrZ0F3SUJBZ0lCQURBTkJna3Foa2lHOXcwQkFRc0ZBREFWTVJNd0VRWURWUVFERXdwcmRXSmwKY201bGRHVnpNQjRYRFRJMU1EY3hOekV6TXpZd09Gb1hEVE0xTURjeE56RXpNell3T0Zvd0ZURVRNQkVHQTFVRQpBeE1LYTNWaVpYSnVaWFJsY3pDQ0FTSXdEUVlKS29aSWh2Y05BUUVCQlFBRGdnRVBBRENDQVFvQ2dnRUJBTDlYCkYrWWhEL3llM0VyYW9UNEZlakRCdTY5TXcwbDM4ODQ5RjdVRGR5YWJTeW5hTS9VZVcxR3R6Qk1Pb05DSjJlZGsKTFFsUzNKSTZpOGtXZXpDdGZ4OU1qdlQyL29OZHhqRUpMNDZPR2YxMXFnSUhDZ0lXK0IweVpvTTBjY0RqVXVsVAorWGRzcEF2UVF4SVByYW5mcllVMXRqTzY3aVNIaFRUMnFDeWttYTllUWhhR0RvZlRHVUhUUE1lTUd2dTB0bkt5CkM0ejJuZ3pZd1BQd2czMkZBR2RiOUdmaHA3UHZLanVzM08weDhuNmE5Rk9XVTBDSmRSR2U3bWZXTjlaZER0UlgKbmpOM0JrcTZzcVRqZmRGWkQycUNYQ1BnaEVuM3RhOGdOTWJ4T1FCaEJ1WXg0WWJnblZLZVB3djk4YmNkQXVLNQpQMXVQTi9uK2p0K05PMFJTbXZrQ0F3RUFBYU5DTUVBd0RnWURWUjBQQVFIL0JBUURBZ0trTUE4R0ExVWRFd0VCCi93UUZNQU1CQWY4d0hRWURWUjBPQkJZRUZNTFJ2N0NLMTM3Uk44RDliYW5XYm1xM3c4dmFNQTBHQ1NxR1NJYjMKRFFFQkN3VUFBNElCQVFCSEFqUmZ3a2l6MCtiT3NCckI4YXdWMjcyMi9IR3Y4RzBpbDFaazQ3MFQ3bzlEUm1IVwo1VkNVcXRRUzlKMnpLNEpIaDViZmZiM3pGMU9OSTB1b29tc0JVNmdMVEhaLy96NC9MazRqVXQ3RXlDSVB5QVFmCnY0TVZwVEVXVXBsTFVYNXhWZTQ2ZXhJZlhKbVdpMFNKRmhVWDEzSXV2VVNUWXRWZVBVdDFPNXlMNVJ4Sjd0VHQKNW10czhrZTczV3VaY1NsQXFnT3RMUUU4dDVNR09kOC9qbjJsUllmcFQremRaY1I2dUp6ckxKOWhVZXZHQXVNRApPQ2lwbjQ0RWo1N25KTStzeDJiT0cyQXNNd3dvb0YwWm9yWjNUVUk5VkVVQWYxQitybG1kOHk0THdrM3RGaUR0ClZrczQxZ1AzRGl3blgzczNwVjBOUG5SNjJOSmJBcExKL3c3MAotLS0tLUVORCBDRVJUSUZJQ0FURS0tLS0tCg==",
              "host": "https://f8c25a77-e19d-4279-8912-9d8072ddbb57.api.k8s.fr-par.scw.cloud:6443",
              "token": "adnt9jIgy4ZeVV9a2wLrgboe0xg8DMXnNtQVQ3Fw0iKTsPlYQqNZug2N"
            }
          },
          "sensitive_attributes": [
            [
              {
                "type": "get_attr",
                "value": "triggers"
              },
              {
                "type": "index",
                "value": {
                  "value": "cluster_ca_certificate",
                  "type": "string"
                }
              }
            ],
            [
              {
                "type": "get_attr",
                "value": "triggers"
              },
              {
                "type": "index",
                "value": {
                  "value": "host",
                  "type": "string"
                }
              }
            ],
            [
              {
                "type": "get_attr",
                "value": "triggers"
              },
              {
                "type": "index",
                "value": {
                  "value": "token",
                  "type": "string"
                }
              }
            ]
          ],
          "identity_schema_version": 0,
          "dependencies": [
            "scaleway_k8s_cluster.main",
            "scaleway_k8s_pool.main",
            "scaleway_vpc.main",
            "scaleway_vpc_private_network.main"
          ]
        }
      ]
    },
    {
      "mode": "managed",
      "type": "null_resource",
      "name": "welcome",
      "provider": "provider[\"registry.terraform.io/hashicorp/null\"]",
      "instances": [
        {
          "schema_version": 0,
          "attributes": {
            "id": "6007097659870613993",
            "triggers": null
          },
          "sensitive_attributes": [],
          "identity_schema_version": 0
        }
      ]
    },
    {
      "mode": "managed",
      "type": "scaleway_domain_record",
      "name": "wordpress",
      "provider": "provider[\"registry.terraform.io/scaleway/scaleway\"]",
      "instances": [
        {
          "schema_version": 0,
          "attributes": {
            "data": "51.15.207.123",
            "dns_zone": "grp-7.esgi.slashops.fr",
            "fqdn": "grp-7.esgi.slashops.fr",
            "geo_ip": [],
            "http_service": [],
            "id": "9c9e179b-9cb3-4c26-8dda-a6861944997f",
            "keep_empty_zone": false,
            "name": "",
            "priority": 0,
            "project_id": "2dbaeabe-732c-483b-80fa-3fa3e771aee8",
            "root_zone": false,
            "timeouts": null,
            "ttl": 3600,
            "type": "A",
            "view": [],
            "weighted": []
          },
          "sensitive_attributes": [],
          "identity_schema_version": 0,
          "private": "eyJlMmJmYjczMC1lY2FhLTExZTYtOGY4OC0zNDM2M2JjN2M0YzAiOnsiY3JlYXRlIjozMDAwMDAwMDAwMDAsImRlZmF1bHQiOjMwMDAwMDAwMDAwMCwiZGVsZXRlIjozMDAwMDAwMDAwMDAsInJlYWQiOjMwMDAwMDAwMDAwMCwidXBkYXRlIjozMDAwMDAwMDAwMDB9fQ==",
          "dependencies": [
            "data.kubernetes_service.ingress_nginx",
            "data.scaleway_domain_zone.main",
            "helm_release.ingress_nginx",
            "kubernetes_namespace.ingress_nginx",
            "null_resource.kubeconfig",
            "scaleway_k8s_cluster.main",
            "scaleway_k8s_pool.main",
            "scaleway_vpc.main",
            "scaleway_vpc_private_network.main"
          ]
        }
      ]
    },
    {
      "mode": "managed",
      "type": "scaleway_k8s_cluster",
      "name": "main",
      "provider": "provider[\"registry.terraform.io/scaleway/scaleway\"]",
      "instances": [
        {
          "schema_version": 0,
          "attributes": {
            "admission_plugins": [],
            "apiserver_cert_sans": [],
            "apiserver_url": "https://f8c25a77-e19d-4279-8912-9d8072ddbb57.api.k8s.fr-par.scw.cloud:6443",
            "auto_upgrade": [
              {
                "enable": false,
                "maintenance_window_day": "any",
                "maintenance_window_start_hour": 0
              }
            ],
            "autoscaler_config": [
              {
                "balance_similar_node_groups": false,
                "disable_scale_down": false,
                "estimator": "binpacking",
                "expander": "random",
                "expendable_pods_priority_cutoff": 0,
                "ignore_daemonsets_utilization": false,
                "max_graceful_termination_sec": 0,
                "scale_down_delay_after_add": "10m",
                "scale_down_unneeded_time": "10m",
                "scale_down_utilization_threshold": 0.5
              }
            ],
            "cni": "cilium",
            "created_at": "2025-07-18T13:36:07Z",
            "delete_additional_resources": true,
            "description": "",
            "feature_gates": [],
            "id": "fr-par/f8c25a77-e19d-4279-8912-9d8072ddbb57",
            "kubeconfig": [
              {
                "cluster_ca_certificate": "LS0tLS1CRUdJTiBDRVJUSUZJQ0FURS0tLS0tCk1JSUM1ekNDQWMrZ0F3SUJBZ0lCQURBTkJna3Foa2lHOXcwQkFRc0ZBREFWTVJNd0VRWURWUVFERXdwcmRXSmwKY201bGRHVnpNQjRYRFRJMU1EY3hOekV6TXpZd09Gb1hEVE0xTURjeE56RXpNell3T0Zvd0ZURVRNQkVHQTFVRQpBeE1LYTNWaVpYSnVaWFJsY3pDQ0FTSXdEUVlKS29aSWh2Y05BUUVCQlFBRGdnRVBBRENDQVFvQ2dnRUJBTDlYCkYrWWhEL3llM0VyYW9UNEZlakRCdTY5TXcwbDM4ODQ5RjdVRGR5YWJTeW5hTS9VZVcxR3R6Qk1Pb05DSjJlZGsKTFFsUzNKSTZpOGtXZXpDdGZ4OU1qdlQyL29OZHhqRUpMNDZPR2YxMXFnSUhDZ0lXK0IweVpvTTBjY0RqVXVsVAorWGRzcEF2UVF4SVByYW5mcllVMXRqTzY3aVNIaFRUMnFDeWttYTllUWhhR0RvZlRHVUhUUE1lTUd2dTB0bkt5CkM0ejJuZ3pZd1BQd2czMkZBR2RiOUdmaHA3UHZLanVzM08weDhuNmE5Rk9XVTBDSmRSR2U3bWZXTjlaZER0UlgKbmpOM0JrcTZzcVRqZmRGWkQycUNYQ1BnaEVuM3RhOGdOTWJ4T1FCaEJ1WXg0WWJnblZLZVB3djk4YmNkQXVLNQpQMXVQTi9uK2p0K05PMFJTbXZrQ0F3RUFBYU5DTUVBd0RnWURWUjBQQVFIL0JBUURBZ0trTUE4R0ExVWRFd0VCCi93UUZNQU1CQWY4d0hRWURWUjBPQkJZRUZNTFJ2N0NLMTM3Uk44RDliYW5XYm1xM3c4dmFNQTBHQ1NxR1NJYjMKRFFFQkN3VUFBNElCQVFCSEFqUmZ3a2l6MCtiT3NCckI4YXdWMjcyMi9IR3Y4RzBpbDFaazQ3MFQ3bzlEUm1IVwo1VkNVcXRRUzlKMnpLNEpIaDViZmZiM3pGMU9OSTB1b29tc0JVNmdMVEhaLy96NC9MazRqVXQ3RXlDSVB5QVFmCnY0TVZwVEVXVXBsTFVYNXhWZTQ2ZXhJZlhKbVdpMFNKRmhVWDEzSXV2VVNUWXRWZVBVdDFPNXlMNVJ4Sjd0VHQKNW10czhrZTczV3VaY1NsQXFnT3RMUUU4dDVNR09kOC9qbjJsUllmcFQremRaY1I2dUp6ckxKOWhVZXZHQXVNRApPQ2lwbjQ0RWo1N25KTStzeDJiT0cyQXNNd3dvb0YwWm9yWjNUVUk5VkVVQWYxQitybG1kOHk0THdrM3RGaUR0ClZrczQxZ1AzRGl3blgzczNwVjBOUG5SNjJOSmJBcExKL3c3MAotLS0tLUVORCBDRVJUSUZJQ0FURS0tLS0tCg==",
                "config_file": "apiVersion: v1\nclusters:\n- name: \"esgi-devops-projet-grp7-kenza-cluster\"\n  cluster:\n    certificate-authority-data: LS0tLS1CRUdJTiBDRVJUSUZJQ0FURS0tLS0tCk1JSUM1ekNDQWMrZ0F3SUJBZ0lCQURBTkJna3Foa2lHOXcwQkFRc0ZBREFWTVJNd0VRWURWUVFERXdwcmRXSmwKY201bGRHVnpNQjRYRFRJMU1EY3hOekV6TXpZd09Gb1hEVE0xTURjeE56RXpNell3T0Zvd0ZURVRNQkVHQTFVRQpBeE1LYTNWaVpYSnVaWFJsY3pDQ0FTSXdEUVlKS29aSWh2Y05BUUVCQlFBRGdnRVBBRENDQVFvQ2dnRUJBTDlYCkYrWWhEL3llM0VyYW9UNEZlakRCdTY5TXcwbDM4ODQ5RjdVRGR5YWJTeW5hTS9VZVcxR3R6Qk1Pb05DSjJlZGsKTFFsUzNKSTZpOGtXZXpDdGZ4OU1qdlQyL29OZHhqRUpMNDZPR2YxMXFnSUhDZ0lXK0IweVpvTTBjY0RqVXVsVAorWGRzcEF2UVF4SVByYW5mcllVMXRqTzY3aVNIaFRUMnFDeWttYTllUWhhR0RvZlRHVUhUUE1lTUd2dTB0bkt5CkM0ejJuZ3pZd1BQd2czMkZBR2RiOUdmaHA3UHZLanVzM08weDhuNmE5Rk9XVTBDSmRSR2U3bWZXTjlaZER0UlgKbmpOM0JrcTZzcVRqZmRGWkQycUNYQ1BnaEVuM3RhOGdOTWJ4T1FCaEJ1WXg0WWJnblZLZVB3djk4YmNkQXVLNQpQMXVQTi9uK2p0K05PMFJTbXZrQ0F3RUFBYU5DTUVBd0RnWURWUjBQQVFIL0JBUURBZ0trTUE4R0ExVWRFd0VCCi93UUZNQU1CQWY4d0hRWURWUjBPQkJZRUZNTFJ2N0NLMTM3Uk44RDliYW5XYm1xM3c4dmFNQTBHQ1NxR1NJYjMKRFFFQkN3VUFBNElCQVFCSEFqUmZ3a2l6MCtiT3NCckI4YXdWMjcyMi9IR3Y4RzBpbDFaazQ3MFQ3bzlEUm1IVwo1VkNVcXRRUzlKMnpLNEpIaDViZmZiM3pGMU9OSTB1b29tc0JVNmdMVEhaLy96NC9MazRqVXQ3RXlDSVB5QVFmCnY0TVZwVEVXVXBsTFVYNXhWZTQ2ZXhJZlhKbVdpMFNKRmhVWDEzSXV2VVNUWXRWZVBVdDFPNXlMNVJ4Sjd0VHQKNW10czhrZTczV3VaY1NsQXFnT3RMUUU4dDVNR09kOC9qbjJsUllmcFQremRaY1I2dUp6ckxKOWhVZXZHQXVNRApPQ2lwbjQ0RWo1N25KTStzeDJiT0cyQXNNd3dvb0YwWm9yWjNUVUk5VkVVQWYxQitybG1kOHk0THdrM3RGaUR0ClZrczQxZ1AzRGl3blgzczNwVjBOUG5SNjJOSmJBcExKL3c3MAotLS0tLUVORCBDRVJUSUZJQ0FURS0tLS0tCg==\n    server: https://f8c25a77-e19d-4279-8912-9d8072ddbb57.api.k8s.fr-par.scw.cloud:6443\ncontexts:\n- name: admin@esgi-devops-projet-grp7-kenza-cluster\n  context:\n    cluster: \"esgi-devops-projet-grp7-kenza-cluster\"\n    user: esgi-devops-projet-grp7-kenza-cluster-admin\ncurrent-context: admin@esgi-devops-projet-grp7-kenza-cluster\nkind: Config\npreferences: {}\nusers:\n- name: esgi-devops-projet-grp7-kenza-cluster-admin\n  user:\n    token: adnt9jIgy4ZeVV9a2wLrgboe0xg8DMXnNtQVQ3Fw0iKTsPlYQqNZug2N",
                "host": "https://f8c25a77-e19d-4279-8912-9d8072ddbb57.api.k8s.fr-par.scw.cloud:6443",
                "token": "adnt9jIgy4ZeVV9a2wLrgboe0xg8DMXnNtQVQ3Fw0iKTsPlYQqNZug2N"
              }
            ],
            "name": "esgi-devops-projet-grp7-kenza-cluster",
            "open_id_connect_config": [
              {
                "client_id": "",
                "groups_claim": [],
                "groups_prefix": "",
                "issuer_url": "",
                "required_claim": [],
                "username_claim": "",
                "username_prefix": ""
              }
            ],
            "organization_id": "b5408fa8-956a-42bc-80d5-a1d3eb031f4c",
            "private_network_id": "149d35b8-87f7-485f-b1c1-7b326ceaa4c8",
            "project_id": "2dbaeabe-732c-483b-80fa-3fa3e771aee8",
            "region": "fr-par",
            "status": "ready",
            "tags": [
              "project:esgi-devops-projet-grp7",
              "student:kenza",
              "environment:dev",
              "managed-by:terraform"
            ],
            "timeouts": null,
            "type": "kapsule",
            "updated_at": "2025-07-18T13:37:23Z",
            "upgrade_available": false,
            "version": "1.32.3",
            "wildcard_dns": "*.f8c25a77-e19d-4279-8912-9d8072ddbb57.nodes.k8s.fr-par.scw.cloud"
          },
          "sensitive_attributes": [
            [
              {
                "type": "get_attr",
                "value": "kubeconfig"
              }
            ]
          ],
          "identity_schema_version": 0,
          "private": "eyJlMmJmYjczMC1lY2FhLTExZTYtOGY4OC0zNDM2M2JjN2M0YzAiOnsiY3JlYXRlIjo5MDAwMDAwMDAwMDAsImRlZmF1bHQiOjkwMDAwMDAwMDAwMCwiZGVsZXRlIjo5MDAwMDAwMDAwMDAsInJlYWQiOjkwMDAwMDAwMDAwMCwidXBkYXRlIjo5MDAwMDAwMDAwMDB9fQ==",
          "dependencies": [
            "scaleway_vpc.main",
            "scaleway_vpc_private_network.main"
          ]
        }
      ]
    },
    {
      "mode": "managed",
      "type": "scaleway_k8s_pool",
      "name": "main",
      "provider": "provider[\"registry.terraform.io/scaleway/scaleway\"]",
      "instances": [
        {
          "schema_version": 0,
          "attributes": {
            "autohealing": true,
            "autoscaling": true,
            "cluster_id": "fr-par/f8c25a77-e19d-4279-8912-9d8072ddbb57",
            "container_runtime": "containerd",
            "created_at": "2025-07-18T13:36:12Z",
            "current_size": 2,
            "id": "fr-par/19bcdc85-4aac-4398-baa4-c0ea1b0e85a0",
            "kubelet_args": {},
            "max_size": 3,
            "min_size": 1,
            "name": "esgi-devops-projet-grp7-kenza-pool",
            "node_type": "dev1_l",
            "nodes": [
              {
                "id": "6802cd71-39cc-4585-96d5-ed0afedec67e",
                "name": "scw-esgi-devops-projet--esgi-devops-pro-6802cd",
                "private_ips": [
                  {
                    "address": "fd68:9b4f:6e1c:87e0:36ae:7245:da93:79db",
                    "id": "fr-par/6422b89f-6148-400d-a4b1-4347d644d990"
                  },
                  {
                    "address": "172.16.8.4",
                    "id": "fr-par/91e13216-fc36-4feb-bf16-2ec429a970c9"
                  }
                ],
                "public_ip": "51.15.138.240",
                "public_ip_v6": "",
                "status": "ready"
              },
              {
                "id": "98fbe970-bf0a-4365-aae2-a85ee17afde7",
                "name": "scw-esgi-devops-projet--esgi-devops-pro-98fbe9",
                "private_ips": [
                  {
                    "address": "fd68:9b4f:6e1c:87e0:10b9:bdc9:ed74:fc7a",
                    "id": "fr-par/ea800cdc-a228-40dc-b563-962005e38e0d"
                  },
                  {
                    "address": "172.16.8.5",
                    "id": "fr-par/264bc503-8c1c-4d50-a940-bb08822e243d"
                  }
                ],
                "public_ip": "51.15.195.186",
                "public_ip_v6": "",
                "status": "ready"
              }
            ],
            "placement_group_id": null,
            "public_ip_disabled": false,
            "region": "fr-par",
            "root_volume_size_in_gb": 80,
            "root_volume_type": "l_ssd",
            "security_group_id": "2cd5b1f4-165c-466c-801d-d1a43f78f40c",
            "size": 1,
            "status": "ready",
            "tags": [
              "project:esgi-devops-projet-grp7",
              "student:kenza",
              "environment:dev",
              "managed-by:terraform"
            ],
            "timeouts": null,
            "updated_at": "2025-07-18T13:48:10Z",
            "upgrade_policy": [
              {
                "max_surge": 0,
                "max_unavailable": 1
              }
            ],
            "version": "1.32.3",
            "wait_for_pool_ready": true,
            "zone": "fr-par-1"
          },
          "sensitive_attributes": [],
          "identity_schema_version": 0,
          "private": "eyJlMmJmYjczMC1lY2FhLTExZTYtOGY4OC0zNDM2M2JjN2M0YzAiOnsiY3JlYXRlIjoxODAwMDAwMDAwMDAwLCJkZWZhdWx0IjoxODAwMDAwMDAwMDAwLCJkZWxldGUiOjE4MDAwMDAwMDAwMDAsInJlYWQiOjE4MDAwMDAwMDAwMDAsInVwZGF0ZSI6MTgwMDAwMDAwMDAwMH19",
          "dependencies": [
            "scaleway_k8s_cluster.main",
            "scaleway_vpc.main",
            "scaleway_vpc_private_network.main"
          ]
        }
      ]
    },
    {
      "mode": "managed",
      "type": "scaleway_k8s_pool",
      "name": "main_pool",
      "provider": "provider[\"registry.terraform.io/scaleway/scaleway\"]",
      "instances": [
        {
          "schema_version": 0,
          "attributes": {
            "autohealing": false,
            "autoscaling": false,
            "cluster_id": "fr-par/f8c25a77-e19d-4279-8912-9d8072ddbb57",
            "container_runtime": "containerd",
            "created_at": "2025-07-18T13:57:59Z",
            "current_size": 1,
            "id": "fr-par/7b1f0782-1e08-4d2a-aea2-366772dd9978",
            "kubelet_args": {},
            "max_size": 1,
            "min_size": 1,
            "name": "main-pool",
            "node_type": "dev1_m",
            "nodes": [
              {
                "id": "61f5dcfa-fefc-42bc-b6a1-721a9216fa19",
                "name": "scw-esgi-devops-projet-grp7-kenza-c-mai-61f5dc",
                "private_ips": [
                  {
                    "address": "fd68:9b4f:6e1c:87e0:5433:12b9:a97f:3664",
                    "id": "fr-par/c0ba6a48-91ac-4d2f-9413-8910439f2bff"
                  },
                  {
                    "address": "172.16.8.7",
                    "id": "fr-par/aeff0240-6eaf-4fd8-ae63-4efb32efe1ff"
                  }
                ],
                "public_ip": "51.15.195.7",
                "public_ip_v6": "",
                "status": "ready"
              }
            ],
            "placement_group_id": null,
            "public_ip_disabled": false,
            "region": "fr-par",
            "root_volume_size_in_gb": 40,
            "root_volume_type": "l_ssd",
            "security_group_id": "2cd5b1f4-165c-466c-801d-d1a43f78f40c",
            "size": 1,
            "status": "ready",
            "tags": [
              "devops",
              "wordpress"
            ],
            "timeouts": null,
            "updated_at": "2025-07-18T14:00:35Z",
            "upgrade_policy": [
              {
                "max_surge": 0,
                "max_unavailable": 1
              }
            ],
            "version": "1.32.3",
            "wait_for_pool_ready": true,
            "zone": "fr-par-1"
          },
          "sensitive_attributes": [],
          "identity_schema_version": 0,
          "private": "eyJlMmJmYjczMC1lY2FhLTExZTYtOGY4OC0zNDM2M2JjN2M0YzAiOnsiY3JlYXRlIjoxODAwMDAwMDAwMDAwLCJkZWZhdWx0IjoxODAwMDAwMDAwMDAwLCJkZWxldGUiOjE4MDAwMDAwMDAwMDAsInJlYWQiOjE4MDAwMDAwMDAwMDAsInVwZGF0ZSI6MTgwMDAwMDAwMDAwMH19",
          "dependencies": [
            "scaleway_k8s_cluster.main",
            "scaleway_vpc.main",
            "scaleway_vpc_private_network.main"
          ]
        }
      ]
    },
    {
      "mode": "managed",
      "type": "scaleway_vpc",
      "name": "main",
      "provider": "provider[\"registry.terraform.io/scaleway/scaleway\"]",
      "instances": [
        {
          "schema_version": 0,
          "attributes": {
            "created_at": "2025-07-18T13:36:06Z",
            "enable_custom_routes_propagation": true,
            "enable_routing": true,
            "id": "fr-par/0b068e67-8014-4e62-802b-fc356b78ddf5",
            "is_default": false,
            "name": "esgi-devops-projet-grp7-kenza-vpc",
            "organization_id": "b5408fa8-956a-42bc-80d5-a1d3eb031f4c",
            "project_id": "2dbaeabe-732c-483b-80fa-3fa3e771aee8",
            "region": "fr-par",
            "tags": [
              "project:esgi-devops-projet-grp7",
              "student:kenza",
              "environment:dev",
              "managed-by:terraform"
            ],
            "updated_at": "2025-07-18T13:36:06Z"
          },
          "sensitive_attributes": [],
          "identity_schema_version": 0,
          "private": "bnVsbA=="
        }
      ]
    },
    {
      "mode": "managed",
      "type": "scaleway_vpc_gateway_network",
      "name": "main",
      "provider": "provider[\"registry.terraform.io/scaleway/scaleway\"]",
      "instances": [
        {
          "schema_version": 0,
          "attributes": {
            "cleanup_dhcp": null,
            "created_at": "2025-07-18T13:36:13Z",
            "dhcp_id": null,
            "enable_dhcp": null,
            "enable_masquerade": true,
            "gateway_id": "fr-par-1/9f63ca0d-444f-422d-a771-cde38226c534",
            "id": "fr-par-1/5a8df73d-e346-4915-8dd3-a671889aa3ca",
            "ipam_config": [
              {
                "ipam_ip_id": "921123c4-4b8d-48ac-a3f7-90d856c5a8ce",
                "push_default_route": true
              }
            ],
            "mac_address": "02:00:00:19:58:46",
            "private_ip": [
              {
                "address": "172.16.8.2",
                "id": "fr-par/921123c4-4b8d-48ac-a3f7-90d856c5a8ce"
              }
            ],
            "private_network_id": "fr-par/149d35b8-87f7-485f-b1c1-7b326ceaa4c8",
            "static_address": null,
            "status": "ready",
            "timeouts": null,
            "updated_at": "2025-07-18T13:36:23Z",
            "zone": "fr-par-1"
          },
          "sensitive_attributes": [],
          "identity_schema_version": 0,
          "private": "eyJlMmJmYjczMC1lY2FhLTExZTYtOGY4OC0zNDM2M2JjN2M0YzAiOnsiY3JlYXRlIjo2MDAwMDAwMDAwMDAsImRlZmF1bHQiOjYwMDAwMDAwMDAwMCwiZGVsZXRlIjo2MDAwMDAwMDAwMDAsInJlYWQiOjYwMDAwMDAwMDAwMCwidXBkYXRlIjo2MDAwMDAwMDAwMDB9fQ==",
          "dependencies": [
            "scaleway_vpc.main",
            "scaleway_vpc_private_network.main",
            "scaleway_vpc_public_gateway.main"
          ]
        }
      ]
    },
    {
      "mode": "managed",
      "type": "scaleway_vpc_private_network",
      "name": "main",
      "provider": "provider[\"registry.terraform.io/scaleway/scaleway\"]",
      "instances": [
        {
          "schema_version": 1,
          "attributes": {
            "created_at": "2025-07-18T13:36:06Z",
            "enable_default_route_propagation": false,
            "id": "fr-par/149d35b8-87f7-485f-b1c1-7b326ceaa4c8",
            "ipv4_subnet": [
              {
                "address": "172.16.8.0",
                "created_at": "2025-07-18T13:36:06Z",
                "id": "18e9cf60-068b-4dc6-8407-74304e02cfb9",
                "prefix_length": 22,
                "subnet": "172.16.8.0/22",
                "subnet_mask": "255.255.252.0",
                "updated_at": "2025-07-18T13:36:06Z"
              }
            ],
            "ipv6_subnets": [
              {
                "address": "fd68:9b4f:6e1c:87e0::",
                "created_at": "2025-07-18T13:36:06Z",
                "id": "dc0f2548-4b11-4b10-875c-a08bdc4e5523",
                "prefix_length": 64,
                "subnet": "fd68:9b4f:6e1c:87e0::/64",
                "subnet_mask": "255.255.255.255.255.255.255.255.0.0.0.0.0.0.0.0",
                "updated_at": "2025-07-18T13:36:06Z"
              }
            ],
            "is_regional": true,
            "name": "esgi-devops-projet-grp7-kenza-private-network",
            "organization_id": "b5408fa8-956a-42bc-80d5-a1d3eb031f4c",
            "project_id": "2dbaeabe-732c-483b-80fa-3fa3e771aee8",
            "region": "fr-par",
            "tags": [
              "project:esgi-devops-projet-grp7",
              "student:kenza",
              "environment:dev",
              "managed-by:terraform"
            ],
            "updated_at": "2025-07-18T13:36:20Z",
            "vpc_id": "fr-par/0b068e67-8014-4e62-802b-fc356b78ddf5",
            "zone": "fr-par-1"
          },
          "sensitive_attributes": [],
          "identity_schema_version": 0,
          "private": "eyJzY2hlbWFfdmVyc2lvbiI6IjEifQ==",
          "dependencies": [
            "scaleway_vpc.main"
          ]
        }
      ]
    },
    {
      "mode": "managed",
      "type": "scaleway_vpc_public_gateway",
      "name": "main",
      "provider": "provider[\"registry.terraform.io/scaleway/scaleway\"]",
      "instances": [
        {
          "schema_version": 0,
          "attributes": {
            "allowed_ip_ranges": [
              "0.0.0.0/0"
            ],
            "bandwidth": 100,
            "bastion_enabled": false,
            "bastion_port": 61000,
            "created_at": "2025-07-18T13:36:06Z",
            "enable_smtp": false,
            "id": "fr-par-1/9f63ca0d-444f-422d-a771-cde38226c534",
            "ip_id": "fr-par-1/c0948516-7c00-4e59-a5d6-59aa532a8c33",
            "move_to_ipam": null,
            "name": "esgi-devops-projet-grp7-kenza-gateway",
            "organization_id": "b5408fa8-956a-42bc-80d5-a1d3eb031f4c",
            "project_id": "2dbaeabe-732c-483b-80fa-3fa3e771aee8",
            "refresh_ssh_keys": null,
            "status": "running",
            "tags": [
              "project:esgi-devops-projet-grp7",
              "student:kenza",
              "environment:dev",
              "managed-by:terraform"
            ],
            "timeouts": null,
            "type": "VPC-GW-S",
            "updated_at": "2025-07-18T13:36:23Z",
            "upstream_dns_servers": [],
            "zone": "fr-par-1"
          },
          "sensitive_attributes": [],
          "identity_schema_version": 0,
          "private": "eyJlMmJmYjczMC1lY2FhLTExZTYtOGY4OC0zNDM2M2JjN2M0YzAiOnsiY3JlYXRlIjo2MDAwMDAwMDAwMDAsImRlZmF1bHQiOjYwMDAwMDAwMDAwMCwiZGVsZXRlIjo2MDAwMDAwMDAwMDAsInJlYWQiOjYwMDAwMDAwMDAwMCwidXBkYXRlIjo2MDAwMDAwMDAwMDB9fQ=="
        }
      ]
    }
  ],
  "check_results": [
    {
      "object_kind": "var",
      "config_addr": "var.wordpress_domain",
      "status": "pass",
      "objects": [
        {
          "object_addr": "var.wordpress_domain",
          "status": "pass"
        }
      ]
    }
  ]
}
